{
  "name": "front",
  "lockfileVersion": 3,
  "requires": true,
  "packages": {
    "": {
      "name": "front",
      "hasInstallScript": true,
      "dependencies": {
        "@nuxt/eslint": "1.9.0",
        "@nuxtjs/tailwindcss": "7.0.0-beta.0",
        "@vee-validate/zod": "^4.15.1",
        "@vueuse/core": "^13.9.0",
        "class-variance-authority": "^0.7.1",
        "clsx": "^2.1.1",
        "eslint": "^9.35.0",
        "lucide-vue-next": "^0.544.0",
        "nuxt": "^4.1.1",
        "reka-ui": "^2.5.0",
        "tailwind-merge": "^3.3.1",
        "tailwindcss": "^4.1.13",
        "tw-animate-css": "^1.3.8",
        "vee-validate": "^4.15.1",
        "vue": "^3.5.21",
        "vue-router": "^4.5.1",
        "zod": "^4.1.9"
      },
      "devDependencies": {
        "shadcn-nuxt": "^2.2.0"
      }
    },
    "../../node_modules/.pnpm/@nuxt+eslint@1.9.0_@typescript-eslint+utils@8.44.0_eslint@9.35.0_jiti@2.5.1__typescript_43d0849f1087b0f0c9646958ba279eb5/node_modules/@nuxt/eslint": {
      "version": "1.9.0",
      "license": "MIT",
      "dependencies": {
        "@eslint/config-inspector": "^1.2.0",
        "@nuxt/devtools-kit": "^2.6.2",
        "@nuxt/eslint-config": "1.9.0",
        "@nuxt/eslint-plugin": "1.9.0",
        "@nuxt/kit": "^4.0.3",
        "chokidar": "^4.0.3",
        "eslint-flat-config-utils": "^2.1.1",
        "eslint-typegen": "^2.3.0",
        "find-up": "^7.0.0",
        "get-port-please": "^3.2.0",
        "mlly": "^1.7.4",
        "pathe": "^2.0.3",
        "unimport": "^5.2.0"
      },
      "devDependencies": {
        "@nuxt/module-builder": "^1.0.2",
        "@nuxt/schema": "^4.0.3",
        "@typescript-eslint/scope-manager": "^8.39.1",
        "eslint-webpack-plugin": "^5.0.2",
        "nuxt": "^4.0.3",
        "vite-plugin-eslint2": "^5.0.4"
      },
      "peerDependencies": {
        "eslint": "^9.0.0",
        "eslint-webpack-plugin": "^4.1.0",
        "vite-plugin-eslint2": "^5.0.0"
      },
      "peerDependenciesMeta": {
        "eslint-webpack-plugin": {
          "optional": true
        },
        "vite-plugin-eslint2": {
          "optional": true
        }
      }
    },
    "../../node_modules/.pnpm/@nuxtjs+tailwindcss@7.0.0-beta.0_magicast@0.3.5_vite@7.1.5_@types+node@22.18.5_jiti@2.5_bbbf1ca82b4c11159fd716056758f23b/node_modules/@nuxtjs/tailwindcss": {
      "version": "7.0.0-beta.0",
      "license": "MIT",
      "dependencies": {
        "@nuxt/kit": "^3.17.1",
        "@tailwindcss/postcss": "^4.1.6",
        "@tailwindcss/vite": "^4.1.6",
        "pathe": "^2.0.3",
        "tailwindcss": "^4.1.6"
      },
      "devDependencies": {
        "@nuxt/devtools": "^2.4.0",
        "@nuxt/eslint": "^1.3.0",
        "@nuxt/eslint-config": "^1.3.0",
        "@nuxt/module-builder": "^1.0.1",
        "@nuxt/test-utils": "^3.17.1",
        "eslint": "^9.21.0",
        "happy-dom": "^17.4.7",
        "nuxt": "^3.17.2",
        "typescript": "^5.8.3",
        "vitest": "^3.1.3",
        "vue-tsc": "^2.2.10"
      }
    },
    "../../node_modules/.pnpm/@vee-validate+zod@4.15.1_vue@3.5.21_typescript@5.9.2__zod@4.1.9/node_modules/@vee-validate/zod": {
      "version": "4.15.1",
      "license": "MIT",
      "dependencies": {
        "type-fest": "^4.8.3",
        "vee-validate": "4.15.1"
      },
      "peerDependencies": {
        "zod": "^3.24.0"
      }
    },
    "../../node_modules/.pnpm/@vueuse+core@13.9.0_vue@3.5.21_typescript@5.9.2_/node_modules/@vueuse/core": {
      "version": "13.9.0",
      "license": "MIT",
      "dependencies": {
        "@types/web-bluetooth": "^0.0.21",
        "@vueuse/metadata": "13.9.0",
        "@vueuse/shared": "13.9.0"
      },
      "funding": {
        "url": "https://github.com/sponsors/antfu"
      },
      "peerDependencies": {
        "vue": "^3.5.0"
      }
    },
    "../../node_modules/.pnpm/class-variance-authority@0.7.1/node_modules/class-variance-authority": {
      "version": "0.7.1",
      "license": "Apache-2.0",
      "dependencies": {
        "clsx": "^2.1.1"
      },
      "devDependencies": {
        "@swc/cli": "0.3.12",
        "@swc/core": "1.4.16",
        "@types/node": "20.12.7",
        "@types/react": "18.2.79",
        "@types/react-dom": "18.2.25",
        "bundlesize": "0.18.2",
        "npm-run-all": "4.1.5",
        "react": "18.2.0",
        "react-dom": "18.2.0",
        "ts-node": "10.9.2",
        "typescript": "5.4.5"
      },
      "funding": {
        "url": "https://polar.sh/cva"
      }
    },
    "../../node_modules/.pnpm/clsx@2.1.1/node_modules/clsx": {
      "version": "2.1.1",
      "license": "MIT",
      "devDependencies": {
        "esm": "3.2.25",
        "terser": "4.8.0",
        "uvu": "0.5.4"
      },
      "engines": {
        "node": ">=6"
      }
    },
    "../../node_modules/.pnpm/eslint@9.35.0_jiti@2.5.1/node_modules/eslint": {
      "version": "9.35.0",
      "license": "MIT",
      "dependencies": {
        "@eslint-community/eslint-utils": "^4.8.0",
        "@eslint-community/regexpp": "^4.12.1",
        "@eslint/config-array": "^0.21.0",
        "@eslint/config-helpers": "^0.3.1",
        "@eslint/core": "^0.15.2",
        "@eslint/eslintrc": "^3.3.1",
        "@eslint/js": "9.35.0",
        "@eslint/plugin-kit": "^0.3.5",
        "@humanfs/node": "^0.16.6",
        "@humanwhocodes/module-importer": "^1.0.1",
        "@humanwhocodes/retry": "^0.4.2",
        "@types/estree": "^1.0.6",
        "@types/json-schema": "^7.0.15",
        "ajv": "^6.12.4",
        "chalk": "^4.0.0",
        "cross-spawn": "^7.0.6",
        "debug": "^4.3.2",
        "escape-string-regexp": "^4.0.0",
        "eslint-scope": "^8.4.0",
        "eslint-visitor-keys": "^4.2.1",
        "espree": "^10.4.0",
        "esquery": "^1.5.0",
        "esutils": "^2.0.2",
        "fast-deep-equal": "^3.1.3",
        "file-entry-cache": "^8.0.0",
        "find-up": "^5.0.0",
        "glob-parent": "^6.0.2",
        "ignore": "^5.2.0",
        "imurmurhash": "^0.1.4",
        "is-glob": "^4.0.0",
        "json-stable-stringify-without-jsonify": "^1.0.1",
        "lodash.merge": "^4.6.2",
        "minimatch": "^3.1.2",
        "natural-compare": "^1.4.0",
        "optionator": "^0.9.3"
      },
      "bin": {
        "eslint": "bin/eslint.js"
      },
      "devDependencies": {
        "@arethetypeswrong/cli": "^0.18.0",
        "@babel/core": "^7.4.3",
        "@babel/preset-env": "^7.4.3",
        "@cypress/webpack-preprocessor": "^6.0.2",
        "@eslint/json": "^0.13.0",
        "@trunkio/launcher": "^1.3.4",
        "@types/esquery": "^1.5.4",
        "@types/node": "^22.13.14",
        "@typescript-eslint/parser": "^8.4.0",
        "babel-loader": "^8.0.5",
        "c8": "^7.12.0",
        "chai": "^4.0.1",
        "cheerio": "^0.22.0",
        "common-tags": "^1.8.0",
        "core-js": "^3.1.3",
        "cypress": "^14.1.0",
        "ejs": "^3.0.2",
        "eslint": "file:.",
        "eslint-config-eslint": "file:packages/eslint-config-eslint",
        "eslint-plugin-eslint-plugin": "^6.0.0",
        "eslint-plugin-expect-type": "^0.6.0",
        "eslint-plugin-yml": "^1.14.0",
        "eslint-release": "^3.3.0",
        "eslint-rule-composer": "^0.3.0",
        "eslump": "^3.0.0",
        "esprima": "^4.0.1",
        "fast-glob": "^3.2.11",
        "fs-teardown": "^0.1.3",
        "glob": "^10.0.0",
        "globals": "^16.2.0",
        "got": "^11.8.3",
        "gray-matter": "^4.0.3",
        "jiti": "^2.5.1",
        "jiti-v2.0": "npm:jiti@2.0.x",
        "jiti-v2.1": "npm:jiti@2.1.x",
        "knip": "^5.60.2",
        "lint-staged": "^11.0.0",
        "markdown-it": "^12.2.0",
        "markdown-it-container": "^3.0.0",
        "marked": "^4.0.8",
        "metascraper": "^5.25.7",
        "metascraper-description": "^5.25.7",
        "metascraper-image": "^5.29.3",
        "metascraper-logo": "^5.25.7",
        "metascraper-logo-favicon": "^5.25.7",
        "metascraper-title": "^5.25.7",
        "mocha": "^11.7.1",
        "node-polyfill-webpack-plugin": "^1.0.3",
        "npm-license": "^0.3.3",
        "pirates": "^4.0.5",
        "progress": "^2.0.3",
        "proxyquire": "^2.0.1",
        "recast": "^0.23.0",
        "regenerator-runtime": "^0.14.0",
        "semver": "^7.5.3",
        "shelljs": "^0.10.0",
        "sinon": "^11.0.0",
        "typescript": "^5.3.3",
        "webpack": "^5.23.0",
        "webpack-cli": "^4.5.0",
        "yorkie": "^2.0.0"
      },
      "engines": {
        "node": "^18.18.0 || ^20.9.0 || >=21.1.0"
      },
      "funding": {
        "url": "https://eslint.org/donate"
      },
      "peerDependencies": {
        "jiti": "*"
      },
      "peerDependenciesMeta": {
        "jiti": {
          "optional": true
        }
      }
    },
    "../../node_modules/.pnpm/lucide-vue-next@0.544.0_vue@3.5.21_typescript@5.9.2_/node_modules/lucide-vue-next": {
      "version": "0.544.0",
      "license": "ISC",
      "devDependencies": {
        "@lucide/build-icons": "1.1.0",
        "@lucide/rollup-plugins": "1.0.0",
        "@lucide/shared": "1.0.0",
        "@testing-library/jest-dom": "^6.1.6",
        "@testing-library/vue": "^8.0.3",
        "@vitejs/plugin-vue": "^4.6.2",
        "@vue/test-utils": "2.4.5",
        "rollup": "^4.22.4",
        "rollup-plugin-dts": "^6.1.0",
        "vite": "^6.3.4",
        "vitest": "^3.1.3",
        "vue": "^3.4.21"
      },
      "peerDependencies": {
        "vue": ">=3.0.1"
      }
    },
    "../../node_modules/.pnpm/nuxt@4.1.2_@parcel+watcher@2.5.1_@types+node@22.18.5_@vue+compiler-sfc@3.5.21_db0@0.3.2_e831063b4515f573848d60bac94efea3/node_modules/nuxt": {
      "version": "4.1.2",
      "license": "MIT",
      "dependencies": {
        "@nuxt/cli": "^3.28.0",
        "@nuxt/devalue": "^2.0.2",
        "@nuxt/devtools": "^2.6.3",
        "@nuxt/kit": "4.1.2",
        "@nuxt/schema": "4.1.2",
        "@nuxt/telemetry": "^2.6.6",
        "@nuxt/vite-builder": "4.1.2",
        "@unhead/vue": "^2.0.14",
        "@vue/shared": "^3.5.21",
        "c12": "^3.2.0",
        "chokidar": "^4.0.3",
        "compatx": "^0.2.0",
        "consola": "^3.4.2",
        "cookie-es": "^2.0.0",
        "defu": "^6.1.4",
        "destr": "^2.0.5",
        "devalue": "^5.3.2",
        "errx": "^0.1.0",
        "esbuild": "^0.25.9",
        "escape-string-regexp": "^5.0.0",
        "estree-walker": "^3.0.3",
        "exsolve": "^1.0.7",
        "h3": "^1.15.4",
        "hookable": "^5.5.3",
        "ignore": "^7.0.5",
        "impound": "^1.0.0",
        "jiti": "^2.5.1",
        "klona": "^2.0.6",
        "knitwork": "^1.2.0",
        "magic-string": "^0.30.19",
        "mlly": "^1.8.0",
        "mocked-exports": "^0.1.1",
        "nanotar": "^0.2.0",
        "nitropack": "^2.12.5",
        "nypm": "^0.6.1",
        "ofetch": "^1.4.1",
        "ohash": "^2.0.11",
        "on-change": "^5.0.1",
        "oxc-minify": "^0.87.0",
        "oxc-parser": "^0.87.0",
        "oxc-transform": "^0.87.0",
        "oxc-walker": "^0.5.2",
        "pathe": "^2.0.3",
        "perfect-debounce": "^2.0.0",
        "pkg-types": "^2.3.0",
        "radix3": "^1.1.2",
        "scule": "^1.3.0",
        "semver": "^7.7.2",
        "std-env": "^3.9.0",
        "tinyglobby": "^0.2.15",
        "ufo": "^1.6.1",
        "ultrahtml": "^1.6.0",
        "uncrypto": "^0.1.3",
        "unctx": "^2.4.1",
        "unimport": "^5.2.0",
        "unplugin": "^2.3.10",
        "unplugin-vue-router": "^0.15.0",
        "unstorage": "^1.17.1",
        "untyped": "^2.0.0",
        "vue": "^3.5.21",
        "vue-bundle-renderer": "^2.1.2",
        "vue-devtools-stub": "^0.1.0",
        "vue-router": "^4.5.1"
      },
      "bin": {
        "nuxi": "bin/nuxt.mjs",
        "nuxt": "bin/nuxt.mjs"
      },
      "devDependencies": {
        "@nuxt/scripts": "0.11.13",
        "@parcel/watcher": "2.5.1",
        "@types/estree": "1.0.8",
        "@vitejs/plugin-vue": "6.0.1",
        "@vitejs/plugin-vue-jsx": "5.1.1",
        "@vue/compiler-sfc": "3.5.21",
        "unbuild": "3.6.1",
        "vite": "7.1.5",
        "vitest": "3.2.4",
        "vue-sfc-transformer": "0.1.16"
      },
      "engines": {
        "node": "^20.19.0 || >=22.12.0"
      },
      "peerDependencies": {
        "@parcel/watcher": "^2.1.0",
        "@types/node": ">=18.12.0"
      },
      "peerDependenciesMeta": {
        "@parcel/watcher": {
          "optional": true
        },
        "@types/node": {
          "optional": true
        }
      }
    },
    "../../node_modules/.pnpm/reka-ui@2.5.0_typescript@5.9.2_vue@3.5.21_typescript@5.9.2_/node_modules/reka-ui": {
      "version": "2.5.0",
      "license": "MIT",
      "dependencies": {
        "@floating-ui/dom": "^1.6.13",
        "@floating-ui/vue": "^1.1.6",
        "@internationalized/date": "^3.5.0",
        "@internationalized/number": "^3.5.0",
        "@tanstack/vue-virtual": "^3.12.0",
        "@vueuse/core": "^12.5.0",
        "@vueuse/shared": "^12.5.0",
        "aria-hidden": "^1.2.4",
        "defu": "^6.1.4",
        "ohash": "^2.0.11"
      },
      "devDependencies": {
        "@iconify/vue": "^4.3.0",
        "@internationalized/date": "^3.7.0",
        "@internationalized/number": "^3.6.0",
        "@testing-library/dom": "^10.4.1",
        "@testing-library/jest-dom": "^6.8.0",
        "@testing-library/user-event": "^14.6.1",
        "@testing-library/vue": "^8.1.0",
        "@tsconfig/node18": "^18.2.4",
        "@types/jsdom": "^21.1.7",
        "@types/node": "^24.0.13",
        "@vitejs/plugin-vue": "^6.0.1",
        "@vitest/coverage-istanbul": "^3.2.4",
        "@vue/test-utils": "^2.4.6",
        "@vue/tsconfig": "^0.7.0",
        "jsdom": "^26.1.0",
        "tsdown": "^0.12.9",
        "vite": "^7.1.3",
        "vitest": "^3.2.4",
        "vitest-axe": "0.1.0",
        "vitest-canvas-mock": "^0.3.3",
        "vue": "3.5.17",
        "vue-component-type-helpers": "^3.0.3",
        "vue-tsc": "2.2.12"
      },
      "peerDependencies": {
        "vue": ">= 3.2.0"
      }
    },
    "../../node_modules/.pnpm/shadcn-nuxt@2.2.0_magicast@0.3.5/node_modules/shadcn-nuxt": {
      "version": "2.2.0",
      "dev": true,
      "license": "MIT",
      "dependencies": {
        "@nuxt/kit": "^3.17.3",
        "oxc-parser": "^0.72.0"
      },
      "devDependencies": {
        "@nuxt/eslint-config": "^1.3.1",
        "@nuxt/module-builder": "^1.0.1",
        "@nuxt/schema": "^3.17.3",
        "@nuxt/test-utils": "^3.15.4",
        "@nuxtjs/color-mode": "^3.5.2",
        "@nuxtjs/tailwindcss": "^6.13.1",
        "@types/node": "^22.13.1",
        "nuxt": "^3.17.3",
        "typescript": "^5.8.3"
      }
    },
    "../../node_modules/.pnpm/tailwind-merge@3.3.1/node_modules/tailwind-merge": {
      "version": "3.3.1",
      "license": "MIT",
      "devDependencies": {
        "@babel/core": "^7.27.4",
        "@babel/preset-env": "^7.27.2",
        "@codspeed/vitest-plugin": "^4.0.1",
        "@rollup/plugin-babel": "^6.0.4",
        "@rollup/plugin-node-resolve": "^16.0.1",
        "@rollup/plugin-typescript": "^12.1.2",
        "@vitest/coverage-v8": "^3.1.4",
        "@vitest/eslint-plugin": "^1.2.1",
        "babel-plugin-annotate-pure-calls": "^0.5.0",
        "babel-plugin-polyfill-regenerator": "^0.6.4",
        "eslint": "^9.28.0",
        "eslint-plugin-import": "^2.31.0",
        "globby": "^11.1.0",
        "prettier": "^3.5.3",
        "rollup": "^4.41.1",
        "rollup-plugin-delete": "^3.0.1",
        "rollup-plugin-dts": "^6.2.1",
        "tslib": "^2.8.1",
        "typescript": "^5.8.3",
        "typescript-eslint": "^8.33.0",
        "vitest": "^3.1.4",
        "zx": "^8.5.4"
      },
      "funding": {
        "type": "github",
        "url": "https://github.com/sponsors/dcastil"
      }
    },
    "../../node_modules/.pnpm/tailwindcss@4.1.13/node_modules/tailwindcss": {
      "version": "4.1.13",
      "license": "MIT",
      "devDependencies": {
        "@jridgewell/remapping": "^2.3.4",
        "@tailwindcss/oxide": "^4.1.13",
        "@types/node": "^20.19.0",
        "dedent": "1.6.0",
        "lightningcss": "1.30.1",
        "magic-string": "^0.30.18",
        "source-map-js": "^1.2.1"
      }
    },
    "../../node_modules/.pnpm/tw-animate-css@1.3.8/node_modules/tw-animate-css": {
      "version": "1.3.8",
      "license": "MIT",
      "devDependencies": {
        "@commitlint/cli": "^19.8.1",
        "@commitlint/config-conventional": "^19.8.1",
        "@types/node": "^24.3.0",
        "lint-staged": "^16.1.6",
        "prettier": "^3.6.2",
        "simple-git-hooks": "^2.13.1",
        "sort-package-json": "^3.4.0"
      },
      "funding": {
        "url": "https://github.com/sponsors/Wombosvideo"
      }
    },
    "../../node_modules/.pnpm/vee-validate@4.15.1_vue@3.5.21_typescript@5.9.2_/node_modules/vee-validate": {
      "version": "4.15.1",
      "license": "MIT",
      "dependencies": {
        "@vue/devtools-api": "^7.5.2",
        "type-fest": "^4.8.3"
      },
      "peerDependencies": {
        "vue": "^3.4.26"
      }
    },
    "../../node_modules/.pnpm/vue-router@4.5.1_vue@3.5.21_typescript@5.9.2_/node_modules/vue-router": {
      "version": "4.5.1",
      "license": "MIT",
      "dependencies": {
        "@vue/devtools-api": "^6.6.4"
      },
      "devDependencies": {
        "@microsoft/api-extractor": "^7.48.0",
        "@rollup/plugin-alias": "^5.1.1",
        "@rollup/plugin-commonjs": "^25.0.8",
        "@rollup/plugin-node-resolve": "^15.3.0",
        "@rollup/plugin-replace": "^5.0.7",
        "@rollup/plugin-terser": "^0.4.4",
        "@types/jsdom": "^21.1.7",
        "@types/nightwatch": "^2.3.32",
        "@vitejs/plugin-vue": "^5.2.0",
        "@vue/compiler-sfc": "~3.5.13",
        "@vue/server-renderer": "~3.5.13",
        "@vue/test-utils": "^2.4.6",
        "browserstack-local": "^1.5.5",
        "chromedriver": "^131.0.1",
        "connect-history-api-fallback": "^1.6.0",
        "conventional-changelog-cli": "^2.2.2",
        "dotenv": "^16.4.5",
        "faked-promise": "^2.2.2",
        "geckodriver": "^4.5.1",
        "happy-dom": "^15.11.6",
        "nightwatch": "^2.6.25",
        "nightwatch-helpers": "^1.2.0",
        "rimraf": "^6.0.1",
        "rollup": "^3.29.5",
        "rollup-plugin-analyzer": "^4.0.0",
        "rollup-plugin-typescript2": "^0.36.0",
        "vite": "^5.4.11",
        "vue": "~3.5.13"
      },
      "funding": {
        "url": "https://github.com/sponsors/posva"
      },
      "peerDependencies": {
        "vue": "^3.2.0"
      }
    },
    "../../node_modules/.pnpm/vue@3.5.21_typescript@5.9.2/node_modules/vue": {
      "version": "3.5.21",
      "license": "MIT",
      "dependencies": {
        "@vue/compiler-dom": "3.5.21",
        "@vue/compiler-sfc": "3.5.21",
        "@vue/runtime-dom": "3.5.21",
        "@vue/server-renderer": "3.5.21",
        "@vue/shared": "3.5.21"
      },
      "peerDependencies": {
        "typescript": "*"
      },
      "peerDependenciesMeta": {
        "typescript": {
          "optional": true
        }
      }
    },
    "node_modules/@nuxt/eslint": {
      "resolved": "../../node_modules/.pnpm/@nuxt+eslint@1.9.0_@typescript-eslint+utils@8.44.0_eslint@9.35.0_jiti@2.5.1__typescript_43d0849f1087b0f0c9646958ba279eb5/node_modules/@nuxt/eslint",
      "link": true
    },
    "node_modules/@nuxtjs/tailwindcss": {
      "resolved": "../../node_modules/.pnpm/@nuxtjs+tailwindcss@7.0.0-beta.0_magicast@0.3.5_vite@7.1.5_@types+node@22.18.5_jiti@2.5_bbbf1ca82b4c11159fd716056758f23b/node_modules/@nuxtjs/tailwindcss",
      "link": true
    },
    "node_modules/@vee-validate/zod": {
      "resolved": "../../node_modules/.pnpm/@vee-validate+zod@4.15.1_vue@3.5.21_typescript@5.9.2__zod@4.1.9/node_modules/@vee-validate/zod",
      "link": true
    },
    "node_modules/@vueuse/core": {
      "resolved": "../../node_modules/.pnpm/@vueuse+core@13.9.0_vue@3.5.21_typescript@5.9.2_/node_modules/@vueuse/core",
      "link": true
    },
    "node_modules/class-variance-authority": {
      "resolved": "../../node_modules/.pnpm/class-variance-authority@0.7.1/node_modules/class-variance-authority",
      "link": true
    },
    "node_modules/clsx": {
      "resolved": "../../node_modules/.pnpm/clsx@2.1.1/node_modules/clsx",
      "link": true
    },
    "node_modules/eslint": {
      "resolved": "../../node_modules/.pnpm/eslint@9.35.0_jiti@2.5.1/node_modules/eslint",
      "link": true
    },
    "node_modules/lucide-vue-next": {
      "resolved": "../../node_modules/.pnpm/lucide-vue-next@0.544.0_vue@3.5.21_typescript@5.9.2_/node_modules/lucide-vue-next",
      "link": true
    },
    "node_modules/nuxt": {
      "resolved": "../../node_modules/.pnpm/nuxt@4.1.2_@parcel+watcher@2.5.1_@types+node@22.18.5_@vue+compiler-sfc@3.5.21_db0@0.3.2_e831063b4515f573848d60bac94efea3/node_modules/nuxt",
      "link": true
    },
    "node_modules/reka-ui": {
      "resolved": "../../node_modules/.pnpm/reka-ui@2.5.0_typescript@5.9.2_vue@3.5.21_typescript@5.9.2_/node_modules/reka-ui",
      "link": true
    },
    "node_modules/shadcn-nuxt": {
      "resolved": "../../node_modules/.pnpm/shadcn-nuxt@2.2.0_magicast@0.3.5/node_modules/shadcn-nuxt",
      "link": true
    },
    "node_modules/tailwind-merge": {
      "resolved": "../../node_modules/.pnpm/tailwind-merge@3.3.1/node_modules/tailwind-merge",
      "link": true
    },
    "node_modules/tailwindcss": {
      "resolved": "../../node_modules/.pnpm/tailwindcss@4.1.13/node_modules/tailwindcss",
      "link": true
    },
    "node_modules/tw-animate-css": {
      "resolved": "../../node_modules/.pnpm/tw-animate-css@1.3.8/node_modules/tw-animate-css",
      "link": true
    },
    "node_modules/vee-validate": {
      "resolved": "../../node_modules/.pnpm/vee-validate@4.15.1_vue@3.5.21_typescript@5.9.2_/node_modules/vee-validate",
      "link": true
    },
    "node_modules/vue": {
      "resolved": "../../node_modules/.pnpm/vue@3.5.21_typescript@5.9.2/node_modules/vue",
      "link": true
    },
    "node_modules/vue-router": {
      "resolved": "../../node_modules/.pnpm/vue-router@4.5.1_vue@3.5.21_typescript@5.9.2_/node_modules/vue-router",
      "link": true
    },
    "node_modules/zod": {
      "version": "4.1.9",
      "resolved": "https://registry.npmjs.org/zod/-/zod-4.1.9.tgz",
      "integrity": "sha512-HI32jTq0AUAC125z30E8bQNz0RQ+9Uc+4J7V97gLYjZVKRjeydPgGt6dvQzFrav7MYOUGFqqOGiHpA/fdbd0cQ==",
      "license": "MIT",
      "funding": {
        "url": "https://github.com/sponsors/colinhacks"
      }
    }
  }
}
